
Microsoft Visual Studio Solution File, Format Version 12.00
# Visual Studio Version 17
VisualStudioVersion = 17.0.31903.59
MinimumVisualStudioVersion = 10.0.40219.1
Project("{FAE04EC0-301F-11D3-BF4B-00C04F79EFBC}") = "OldPhonePadApp.Tests", "OldPhonePadApp.Tests\OldPhonePadApp.Tests.csproj", "{0A229339-728A-45FF-99A8-EF723FA53BDF}"
EndProject
Project("{FAE04EC0-301F-11D3-BF4B-00C04F79EFBC}") = "OldPhonePad", "OldPhonePad\OldPhonePad.csproj", "{CD995E92-1F1A-4391-BB21-3EC443D8109E}"
EndProject
Global
	GlobalSection(SolutionConfigurationPlatforms) = preSolution
		Debug|Any CPU = Debug|Any CPU
		Debug|x64 = Debug|x64
		Debug|x86 = Debug|x86
		Release|Any CPU = Release|Any CPU
		Release|x64 = Release|x64
		Release|x86 = Release|x86
	EndGlobalSection
	GlobalSection(ProjectConfigurationPlatforms) = postSolution
		{0A229339-728A-45FF-99A8-EF723FA53BDF}.Debug|Any CPU.ActiveCfg = Debug|Any CPU
		{0A229339-728A-45FF-99A8-EF723FA53BDF}.Debug|Any CPU.Build.0 = Debug|Any CPU
		{0A229339-728A-45FF-99A8-EF723FA53BDF}.Debug|x64.ActiveCfg = Debug|Any CPU
		{0A229339-728A-45FF-99A8-EF723FA53BDF}.Debug|x64.Build.0 = Debug|Any CPU
		{0A229339-728A-45FF-99A8-EF723FA53BDF}.Debug|x86.ActiveCfg = Debug|Any CPU
		{0A229339-728A-45FF-99A8-EF723FA53BDF}.Debug|x86.Build.0 = Debug|Any CPU
		{0A229339-728A-45FF-99A8-EF723FA53BDF}.Release|Any CPU.ActiveCfg = Release|Any CPU
		{0A229339-728A-45FF-99A8-EF723FA53BDF}.Release|Any CPU.Build.0 = Release|Any CPU
		{0A229339-728A-45FF-99A8-EF723FA53BDF}.Release|x64.ActiveCfg = Release|Any CPU
		{0A229339-728A-45FF-99A8-EF723FA53BDF}.Release|x64.Build.0 = Release|Any CPU
		{0A229339-728A-45FF-99A8-EF723FA53BDF}.Release|x86.ActiveCfg = Release|Any CPU
		{0A229339-728A-45FF-99A8-EF723FA53BDF}.Release|x86.Build.0 = Release|Any CPU
		{CD995E92-1F1A-4391-BB21-3EC443D8109E}.Debug|Any CPU.ActiveCfg = Debug|Any CPU
		{CD995E92-1F1A-4391-BB21-3EC443D8109E}.Debug|Any CPU.Build.0 = Debug|Any CPU
		{CD995E92-1F1A-4391-BB21-3EC443D8109E}.Debug|x64.ActiveCfg = Debug|Any CPU
		{CD995E92-1F1A-4391-BB21-3EC443D8109E}.Debug|x64.Build.0 = Debug|Any CPU
		{CD995E92-1F1A-4391-BB21-3EC443D8109E}.Debug|x86.ActiveCfg = Debug|Any CPU
		{CD995E92-1F1A-4391-BB21-3EC443D8109E}.Debug|x86.Build.0 = Debug|Any CPU
		{CD995E92-1F1A-4391-BB21-3EC443D8109E}.Release|Any CPU.ActiveCfg = Release|Any CPU
		{CD995E92-1F1A-4391-BB21-3EC443D8109E}.Release|Any CPU.Build.0 = Release|Any CPU
		{CD995E92-1F1A-4391-BB21-3EC443D8109E}.Release|x64.ActiveCfg = Release|Any CPU
		{CD995E92-1F1A-4391-BB21-3EC443D8109E}.Release|x64.Build.0 = Release|Any CPU
		{CD995E92-1F1A-4391-BB21-3EC443D8109E}.Release|x86.ActiveCfg = Release|Any CPU
		{CD995E92-1F1A-4391-BB21-3EC443D8109E}.Release|x86.Build.0 = Release|Any CPU
	EndGlobalSection
	GlobalSection(SolutionProperties) = preSolution
		HideSolutionNode = FALSE
	EndGlobalSection
EndGlobal
